// !$*UTF8*$!
{
	archiveVersion = 1;
	classes = {
	};
	objectVersion = 46;
	objects = {

/* Begin PBXBuildFile section */
		914346FF1BD029400033452C /* maxmspsdk.xcconfig in Resources */ = {isa = PBXBuildFile; fileRef = 914346FE1BD029400033452C /* maxmspsdk.xcconfig */; };
		914347011BD029EC0033452C /* chain.data.c in Sources */ = {isa = PBXBuildFile; fileRef = 914347001BD029EC0033452C /* chain.data.c */; };
		914347031BD02A470033452C /* messages.c in Sources */ = {isa = PBXBuildFile; fileRef = 914347021BD02A470033452C /* messages.c */; };
		914347051BD02A530033452C /* chainworker.c in Sources */ = {isa = PBXBuildFile; fileRef = 914347041BD02A530033452C /* chainworker.c */; };
/* End PBXBuildFile section */

/* Begin PBXFileReference section */
		914346FE1BD029400033452C /* maxmspsdk.xcconfig */ = {isa = PBXFileReference; fileEncoding = 4; lastKnownFileType = text.xcconfig; name = maxmspsdk.xcconfig; path = ../maxmspsdk.xcconfig; sourceTree = "<group>"; };
		914347001BD029EC0033452C /* chain.data.c */ = {isa = PBXFileReference; fileEncoding = 4; lastKnownFileType = sourcecode.c.c; path = chain.data.c; sourceTree = "<group>"; };
		914347021BD02A470033452C /* messages.c */ = {isa = PBXFileReference; fileEncoding = 4; lastKnownFileType = sourcecode.c.c; name = messages.c; path = ../common/messages.c; sourceTree = "<group>"; };
		914347041BD02A530033452C /* chainworker.c */ = {isa = PBXFileReference; fileEncoding = 4; lastKnownFileType = sourcecode.c.c; name = chainworker.c; path = ../common/chainworker.c; sourceTree = "<group>"; };
		91DEF4DA1BD028CD00EBF3F8 /* chain.data.mxo */ = {isa = PBXFileReference; explicitFileType = wrapper.cfbundle; includeInIndex = 0; path = chain.data.mxo; sourceTree = BUILT_PRODUCTS_DIR; };
/* End PBXFileReference section */

/* Begin PBXFrameworksBuildPhase section */
		91DEF4D71BD028CD00EBF3F8 /* Frameworks */ = {
			isa = PBXFrameworksBuildPhase;
			buildActionMask = 2147483647;
			files = (
			);
			runOnlyForDeploymentPostprocessing = 0;
		};
/* End PBXFrameworksBuildPhase section */

/* Begin PBXGroup section */
		91DEF4D11BD028CD00EBF3F8 = {
			isa = PBXGroup;
			children = (
				914347001BD029EC0033452C /* chain.data.c */,
				914347041BD02A530033452C /* chainworker.c */,
				914347021BD02A470033452C /* messages.c */,
				914346FE1BD029400033452C /* maxmspsdk.xcconfig */,
				91DEF4DB1BD028CD00EBF3F8 /* Products */,
			);
			sourceTree = "<group>";
		};
		91DEF4DB1BD028CD00EBF3F8 /* Products */ = {
			isa = PBXGroup;
			children = (
				91DEF4DA1BD028CD00EBF3F8 /* chain.data.mxo */,
			);
			name = Products;
			sourceTree = "<group>";
		};
/* End PBXGroup section */

/* Begin PBXNativeTarget section */
		91DEF4D91BD028CD00EBF3F8 /* chain.data */ = {
			isa = PBXNativeTarget;
			buildConfigurationList = 91DEF4E01BD028CD00EBF3F8 /* Build configuration list for PBXNativeTarget "chain.data" */;
			buildPhases = (
				91DEF4D61BD028CD00EBF3F8 /* Sources */,
				91DEF4D71BD028CD00EBF3F8 /* Frameworks */,
				91DEF4D81BD028CD00EBF3F8 /* Resources */,
			);
			buildRules = (
			);
			dependencies = (
			);
			name = chain.data;
			productName = chain.data;
			productReference = 91DEF4DA1BD028CD00EBF3F8 /* chain.data.mxo */;
			productType = "com.apple.product-type.bundle";
		};
/* End PBXNativeTarget section */

/* Begin PBXProject section */
		91DEF4D21BD028CD00EBF3F8 /* Project object */ = {
			isa = PBXProject;
			attributes = {
				LastUpgradeCheck = 0700;
				ORGANIZATIONNAME = "Evan Lynch";
				TargetAttributes = {
					91DEF4D91BD028CD00EBF3F8 = {
						CreatedOnToolsVersion = 7.0.1;
					};
				};
			};
			buildConfigurationList = 91DEF4D51BD028CD00EBF3F8 /* Build configuration list for PBXProject "chain.data" */;
			compatibilityVersion = "Xcode 3.2";
			developmentRegion = English;
			hasScannedForEncodings = 0;
			knownRegions = (
				en,
			);
			mainGroup = 91DEF4D11BD028CD00EBF3F8;
			productRefGroup = 91DEF4DB1BD028CD00EBF3F8 /* Products */;
			projectDirPath = "";
			projectRoot = "";
			targets = (
				91DEF4D91BD028CD00EBF3F8 /* chain.data */,
			);
		};
/* End PBXProject section */

/* Begin PBXResourcesBuildPhase section */
		91DEF4D81BD028CD00EBF3F8 /* Resources */ = {
			isa = PBXResourcesBuildPhase;
			buildActionMask = 2147483647;
			files = (
				914346FF1BD029400033452C /* maxmspsdk.xcconfig in Resources */,
			);
			runOnlyForDeploymentPostprocessing = 0;
		};
/* End PBXResourcesBuildPhase section */

/* Begin PBXSourcesBuildPhase section */
		91DEF4D61BD028CD00EBF3F8 /* Sources */ = {
			isa = PBXSourcesBuildPhase;
			buildActionMask = 2147483647;
			files = (
				914347011BD029EC0033452C /* chain.data.c in Sources */,
				914347031BD02A470033452C /* messages.c in Sources */,
				914347051BD02A530033452C /* chainworker.c in Sources */,
			);
			runOnlyForDeploymentPostprocessing = 0;
		};
/* End PBXSourcesBuildPhase section */

/* Begin XCBuildConfiguration section */
		91DEF4DE1BD028CD00EBF3F8 /* Debug */ = {
			isa = XCBuildConfiguration;
			baseConfigurationReference = 914346FE1BD029400033452C /* maxmspsdk.xcconfig */;
			buildSettings = {
				CLANG_CXX_LANGUAGE_STANDARD = "gnu++0x";
				CLANG_CXX_LIBRARY = "libc++";
				CLANG_ENABLE_MODULES = YES;
				CLANG_ENABLE_OBJC_ARC = YES;
				CLANG_WARN_BOOL_CONVERSION = YES;
				CLANG_WARN_CONSTANT_CONVERSION = YES;
				CLANG_WARN_DIRECT_OBJC_ISA_USAGE = YES_ERROR;
				CLANG_WARN_EMPTY_BODY = YES;
				CLANG_WARN_ENUM_CONVERSION = YES;
				CLANG_WARN_INT_CONVERSION = YES;
				CLANG_WARN_OBJC_ROOT_CLASS = YES_ERROR;
				CLANG_WARN_UNREACHABLE_CODE = YES;
				CLANG_WARN__DUPLICATE_METHOD_MATCH = YES;
				COPY_PHASE_STRIP = NO;
				DEBUG_INFORMATION_FORMAT = dwarf;
				ENABLE_STRICT_OBJC_MSGSEND = YES;
				GCC_C_LANGUAGE_STANDARD = gnu99;
				GCC_DYNAMIC_NO_PIC = NO;
				GCC_NO_COMMON_BLOCKS = YES;
				GCC_OPTIMIZATION_LEVEL = 0;
				GCC_PREPROCESSOR_DEFINITIONS = (
					"DEBUG=1",
					"$(inherited)",
				);
				GCC_WARN_64_TO_32_BIT_CONVERSION = YES;
				GCC_WARN_ABOUT_RETURN_TYPE = YES_ERROR;
				GCC_WARN_UNDECLARED_SELECTOR = YES;
				GCC_WARN_UNINITIALIZED_AUTOS = YES_AGGRESSIVE;
				GCC_WARN_UNUSED_FUNCTION = YES;
				GCC_WARN_UNUSED_VARIABLE = YES;
				MACOSX_DEPLOYMENT_TARGET = 10.10;
				MTL_ENABLE_DEBUG_INFO = YES;
				SDKROOT = macosx;
			};
			name = Debug;
		};
		91DEF4DF1BD028CD00EBF3F8 /* Release */ = {
			isa = XCBuildConfiguration;
			baseConfigurationReference = 914346FE1BD029400033452C /* maxmspsdk.xcconfig */;
			buildSettings = {
				CLANG_CXX_LANGUAGE_STANDARD = "gnu++0x";
				CLANG_CXX_LIBRARY = "libc++";
				CLANG_ENABLE_MODULES = YES;
				CLANG_ENABLE_OBJC_ARC = YES;
				CLANG_WARN_BOOL_CONVERSION = YES;
				CLANG_WARN_CONSTANT_CONVERSION = YES;
				CLANG_WARN_DIRECT_OBJC_ISA_USAGE = YES_ERROR;
				CLANG_WARN_EMPTY_BODY = YES;
				CLANG_WARN_ENUM_CONVERSION = YES;
				CLANG_WARN_INT_CONVERSION = YES;
				CLANG_WARN_OBJC_ROOT_CLASS = YES_ERROR;
				CLANG_WARN_UNREACHABLE_CODE = YES;
				CLANG_WARN__DUPLICATE_METHOD_MATCH = YES;
				COPY_PHASE_STRIP = NO;
				DEBUG_INFORMATION_FORMAT = "dwarf-with-dsym";
				ENABLE_NS_ASSERTIONS = NO;
				ENABLE_STRICT_OBJC_MSGSEND = YES;
				GCC_C_LANGUAGE_STANDARD = gnu99;
				GCC_NO_COMMON_BLOCKS = YES;
				GCC_WARN_64_TO_32_BIT_CONVERSION = YES;
				GCC_WARN_ABOUT_RETURN_TYPE = YES_ERROR;
				GCC_WARN_UNDECLARED_SELECTOR = YES;
				GCC_WARN_UNINITIALIZED_AUTOS = YES_AGGRESSIVE;
				GCC_WARN_UNUSED_FUNCTION = YES;
				GCC_WARN_UNUSED_VARIABLE = YES;
				MACOSX_DEPLOYMENT_TARGET = 10.10;
				MTL_ENABLE_DEBUG_INFO = NO;
				SDKROOT = macosx;
			};
			name = Release;
		};
		91DEF4E11BD028CD00EBF3F8 /* Debug */ = {
			isa = XCBuildConfiguration;
			baseConfigurationReference = 914346FE1BD029400033452C /* maxmspsdk.xcconfig */;
			buildSettings = {
			};
			name = Debug;
		};
		91DEF4E21BD028CD00EBF3F8 /* Release */ = {
			isa = XCBuildConfiguration;
			baseConfigurationReference = 914346FE1BD029400033452C /* maxmspsdk.xcconfig */;
			buildSettings = {
			};
			name = Release;
		};
/* End XCBuildConfiguration section */

/* Begin XCConfigurationList section */
		91DEF4D51BD028CD00EBF3F8 /* Build configuration list for PBXProject "chain.data" */ = {
			isa = XCConfigurationList;
			buildConfigurations = (
				91DEF4DE1BD028CD00EBF3F8 /* Debug */,
				91DEF4DF1BD028CD00EBF3F8 /* Release */,
			);
			defaultConfigurationIsVisible = 0;
			defaultConfigurationName = Release;
		};
		91DEF4E01BD028CD00EBF3F8 /* Build configuration list for PBXNativeTarget "chain.data" */ = {
			isa = XCConfigurationList;
			buildConfigurations = (
				91DEF4E11BD028CD00EBF3F8 /* Debug */,
				91DEF4E21BD028CD00EBF3F8 /* Release */,
			);
			defaultConfigurationIsVisible = 0;
			defaultConfigurationName = Release;
		};
/* End XCConfigurationList section */
	};
	rootObject = 91DEF4D21BD028CD00EBF3F8 /* Project object */;
}
