// !$*UTF8*$!
{
	archiveVersion = 1;
	classes = {
	};
	objectVersion = 46;
	objects = {

/* Begin PBXBuildFile section */
		91674A0F1B536A4500029E21 /* chainworker.c in Sources */ = {isa = PBXBuildFile; fileRef = 91674A0E1B536A4500029E21 /* chainworker.c */; };
		91A014781B3C8547006B2788 /* maxmspsdk.xcconfig in Resources */ = {isa = PBXBuildFile; fileRef = 91A014771B3C8547006B2788 /* maxmspsdk.xcconfig */; };
		91A0147A1B3C8559006B2788 /* messages.c in Sources */ = {isa = PBXBuildFile; fileRef = 91A014791B3C8559006B2788 /* messages.c */; };
		91A0147C1B3C85AC006B2788 /* chain.zone.c in Sources */ = {isa = PBXBuildFile; fileRef = 91A0147B1B3C85AC006B2788 /* chain.zone.c */; };
		91A0147E1B3CA761006B2788 /* queries.c in Sources */ = {isa = PBXBuildFile; fileRef = 91A0147D1B3CA761006B2788 /* queries.c */; };
		91A014801B3CA785006B2788 /* chainlib.c in Sources */ = {isa = PBXBuildFile; fileRef = 91A0147F1B3CA785006B2788 /* chainlib.c */; };
/* End PBXBuildFile section */

/* Begin PBXFileReference section */
		91674A0E1B536A4500029E21 /* chainworker.c */ = {isa = PBXFileReference; fileEncoding = 4; lastKnownFileType = sourcecode.c.c; name = chainworker.c; path = ../common/chainworker.c; sourceTree = "<group>"; };
		91A0146D1B3C8531006B2788 /* chain.zone.mxo */ = {isa = PBXFileReference; explicitFileType = wrapper.cfbundle; includeInIndex = 0; path = chain.zone.mxo; sourceTree = BUILT_PRODUCTS_DIR; };
		91A014771B3C8547006B2788 /* maxmspsdk.xcconfig */ = {isa = PBXFileReference; fileEncoding = 4; lastKnownFileType = text.xcconfig; name = maxmspsdk.xcconfig; path = ../maxmspsdk.xcconfig; sourceTree = "<group>"; };
		91A014791B3C8559006B2788 /* messages.c */ = {isa = PBXFileReference; fileEncoding = 4; lastKnownFileType = sourcecode.c.c; name = messages.c; path = ../common/messages.c; sourceTree = "<group>"; };
		91A0147B1B3C85AC006B2788 /* chain.zone.c */ = {isa = PBXFileReference; fileEncoding = 4; lastKnownFileType = sourcecode.c.c; path = chain.zone.c; sourceTree = "<group>"; };
		91A0147D1B3CA761006B2788 /* queries.c */ = {isa = PBXFileReference; fileEncoding = 4; lastKnownFileType = sourcecode.c.c; name = queries.c; path = ../common/queries.c; sourceTree = "<group>"; };
		91A0147F1B3CA785006B2788 /* chainlib.c */ = {isa = PBXFileReference; fileEncoding = 4; lastKnownFileType = sourcecode.c.c; name = chainlib.c; path = ../common/chainlib.c; sourceTree = "<group>"; };
/* End PBXFileReference section */

/* Begin PBXFrameworksBuildPhase section */
		91A0146A1B3C8531006B2788 /* Frameworks */ = {
			isa = PBXFrameworksBuildPhase;
			buildActionMask = 2147483647;
			files = (
			);
			runOnlyForDeploymentPostprocessing = 0;
		};
/* End PBXFrameworksBuildPhase section */

/* Begin PBXGroup section */
		91A014641B3C8531006B2788 = {
			isa = PBXGroup;
			children = (
				91A014771B3C8547006B2788 /* maxmspsdk.xcconfig */,
				91A014791B3C8559006B2788 /* messages.c */,
				91674A0E1B536A4500029E21 /* chainworker.c */,
				91A0147D1B3CA761006B2788 /* queries.c */,
				91A0147F1B3CA785006B2788 /* chainlib.c */,
				91A0147B1B3C85AC006B2788 /* chain.zone.c */,
				91A0146E1B3C8531006B2788 /* Products */,
			);
			sourceTree = "<group>";
		};
		91A0146E1B3C8531006B2788 /* Products */ = {
			isa = PBXGroup;
			children = (
				91A0146D1B3C8531006B2788 /* chain.zone.mxo */,
			);
			name = Products;
			sourceTree = "<group>";
		};
/* End PBXGroup section */

/* Begin PBXNativeTarget section */
		91A0146C1B3C8531006B2788 /* chain.zone */ = {
			isa = PBXNativeTarget;
			buildConfigurationList = 91A014741B3C8531006B2788 /* Build configuration list for PBXNativeTarget "chain.zone" */;
			buildPhases = (
				91A014691B3C8531006B2788 /* Sources */,
				91A0146A1B3C8531006B2788 /* Frameworks */,
				91A0146B1B3C8531006B2788 /* Resources */,
			);
			buildRules = (
			);
			dependencies = (
			);
			name = chain.zone;
			productName = chain.zone;
			productReference = 91A0146D1B3C8531006B2788 /* chain.zone.mxo */;
			productType = "com.apple.product-type.bundle";
		};
/* End PBXNativeTarget section */

/* Begin PBXProject section */
		91A014651B3C8531006B2788 /* Project object */ = {
			isa = PBXProject;
			attributes = {
				LastUpgradeCheck = 0630;
				ORGANIZATIONNAME = "Evan Lynch";
				TargetAttributes = {
					91A0146C1B3C8531006B2788 = {
						CreatedOnToolsVersion = 6.3.2;
					};
				};
			};
			buildConfigurationList = 91A014681B3C8531006B2788 /* Build configuration list for PBXProject "chain.zone" */;
			compatibilityVersion = "Xcode 3.2";
			developmentRegion = English;
			hasScannedForEncodings = 0;
			knownRegions = (
				en,
			);
			mainGroup = 91A014641B3C8531006B2788;
			productRefGroup = 91A0146E1B3C8531006B2788 /* Products */;
			projectDirPath = "";
			projectRoot = "";
			targets = (
				91A0146C1B3C8531006B2788 /* chain.zone */,
			);
		};
/* End PBXProject section */

/* Begin PBXResourcesBuildPhase section */
		91A0146B1B3C8531006B2788 /* Resources */ = {
			isa = PBXResourcesBuildPhase;
			buildActionMask = 2147483647;
			files = (
				91A014781B3C8547006B2788 /* maxmspsdk.xcconfig in Resources */,
			);
			runOnlyForDeploymentPostprocessing = 0;
		};
/* End PBXResourcesBuildPhase section */

/* Begin PBXSourcesBuildPhase section */
		91A014691B3C8531006B2788 /* Sources */ = {
			isa = PBXSourcesBuildPhase;
			buildActionMask = 2147483647;
			files = (
				91A0147C1B3C85AC006B2788 /* chain.zone.c in Sources */,
				91A014801B3CA785006B2788 /* chainlib.c in Sources */,
				91A0147A1B3C8559006B2788 /* messages.c in Sources */,
				91A0147E1B3CA761006B2788 /* queries.c in Sources */,
				91674A0F1B536A4500029E21 /* chainworker.c in Sources */,
			);
			runOnlyForDeploymentPostprocessing = 0;
		};
/* End PBXSourcesBuildPhase section */

/* Begin XCBuildConfiguration section */
		91A014721B3C8531006B2788 /* Debug */ = {
			isa = XCBuildConfiguration;
			baseConfigurationReference = 91A014771B3C8547006B2788 /* maxmspsdk.xcconfig */;
			buildSettings = {
				CLANG_CXX_LANGUAGE_STANDARD = "gnu++0x";
				CLANG_CXX_LIBRARY = "libc++";
				CLANG_ENABLE_MODULES = YES;
				CLANG_ENABLE_OBJC_ARC = YES;
				CLANG_WARN_BOOL_CONVERSION = YES;
				CLANG_WARN_CONSTANT_CONVERSION = YES;
				CLANG_WARN_DIRECT_OBJC_ISA_USAGE = YES_ERROR;
				CLANG_WARN_EMPTY_BODY = YES;
				CLANG_WARN_ENUM_CONVERSION = YES;
				CLANG_WARN_INT_CONVERSION = YES;
				CLANG_WARN_OBJC_ROOT_CLASS = YES_ERROR;
				CLANG_WARN_UNREACHABLE_CODE = YES;
				CLANG_WARN__DUPLICATE_METHOD_MATCH = YES;
				COPY_PHASE_STRIP = NO;
				DEBUG_INFORMATION_FORMAT = dwarf;
				ENABLE_STRICT_OBJC_MSGSEND = YES;
				GCC_C_LANGUAGE_STANDARD = gnu99;
				GCC_DYNAMIC_NO_PIC = NO;
				GCC_NO_COMMON_BLOCKS = YES;
				GCC_OPTIMIZATION_LEVEL = 0;
				GCC_PREPROCESSOR_DEFINITIONS = (
					"DEBUG=1",
					"$(inherited)",
				);
				GCC_SYMBOLS_PRIVATE_EXTERN = NO;
				GCC_WARN_64_TO_32_BIT_CONVERSION = YES;
				GCC_WARN_ABOUT_RETURN_TYPE = YES_ERROR;
				GCC_WARN_UNDECLARED_SELECTOR = YES;
				GCC_WARN_UNINITIALIZED_AUTOS = YES_AGGRESSIVE;
				GCC_WARN_UNUSED_FUNCTION = YES;
				GCC_WARN_UNUSED_VARIABLE = YES;
				MACOSX_DEPLOYMENT_TARGET = 10.10;
				MTL_ENABLE_DEBUG_INFO = YES;
				SDKROOT = macosx;
			};
			name = Debug;
		};
		91A014731B3C8531006B2788 /* Release */ = {
			isa = XCBuildConfiguration;
			baseConfigurationReference = 91A014771B3C8547006B2788 /* maxmspsdk.xcconfig */;
			buildSettings = {
				CLANG_CXX_LANGUAGE_STANDARD = "gnu++0x";
				CLANG_CXX_LIBRARY = "libc++";
				CLANG_ENABLE_MODULES = YES;
				CLANG_ENABLE_OBJC_ARC = YES;
				CLANG_WARN_BOOL_CONVERSION = YES;
				CLANG_WARN_CONSTANT_CONVERSION = YES;
				CLANG_WARN_DIRECT_OBJC_ISA_USAGE = YES_ERROR;
				CLANG_WARN_EMPTY_BODY = YES;
				CLANG_WARN_ENUM_CONVERSION = YES;
				CLANG_WARN_INT_CONVERSION = YES;
				CLANG_WARN_OBJC_ROOT_CLASS = YES_ERROR;
				CLANG_WARN_UNREACHABLE_CODE = YES;
				CLANG_WARN__DUPLICATE_METHOD_MATCH = YES;
				COPY_PHASE_STRIP = NO;
				DEBUG_INFORMATION_FORMAT = "dwarf-with-dsym";
				ENABLE_NS_ASSERTIONS = NO;
				ENABLE_STRICT_OBJC_MSGSEND = YES;
				GCC_C_LANGUAGE_STANDARD = gnu99;
				GCC_NO_COMMON_BLOCKS = YES;
				GCC_WARN_64_TO_32_BIT_CONVERSION = YES;
				GCC_WARN_ABOUT_RETURN_TYPE = YES_ERROR;
				GCC_WARN_UNDECLARED_SELECTOR = YES;
				GCC_WARN_UNINITIALIZED_AUTOS = YES_AGGRESSIVE;
				GCC_WARN_UNUSED_FUNCTION = YES;
				GCC_WARN_UNUSED_VARIABLE = YES;
				MACOSX_DEPLOYMENT_TARGET = 10.10;
				MTL_ENABLE_DEBUG_INFO = NO;
				SDKROOT = macosx;
			};
			name = Release;
		};
		91A014751B3C8531006B2788 /* Debug */ = {
			isa = XCBuildConfiguration;
			baseConfigurationReference = 91A014771B3C8547006B2788 /* maxmspsdk.xcconfig */;
			buildSettings = {
			};
			name = Debug;
		};
		91A014761B3C8531006B2788 /* Release */ = {
			isa = XCBuildConfiguration;
			baseConfigurationReference = 91A014771B3C8547006B2788 /* maxmspsdk.xcconfig */;
			buildSettings = {
			};
			name = Release;
		};
/* End XCBuildConfiguration section */

/* Begin XCConfigurationList section */
		91A014681B3C8531006B2788 /* Build configuration list for PBXProject "chain.zone" */ = {
			isa = XCConfigurationList;
			buildConfigurations = (
				91A014721B3C8531006B2788 /* Debug */,
				91A014731B3C8531006B2788 /* Release */,
			);
			defaultConfigurationIsVisible = 0;
			defaultConfigurationName = Release;
		};
		91A014741B3C8531006B2788 /* Build configuration list for PBXNativeTarget "chain.zone" */ = {
			isa = XCConfigurationList;
			buildConfigurations = (
				91A014751B3C8531006B2788 /* Debug */,
				91A014761B3C8531006B2788 /* Release */,
			);
			defaultConfigurationIsVisible = 0;
			defaultConfigurationName = Release;
		};
/* End XCConfigurationList section */
	};
	rootObject = 91A014651B3C8531006B2788 /* Project object */;
}
