// !$*UTF8*$!
{
	archiveVersion = 1;
	classes = {
	};
	objectVersion = 46;
	objects = {

/* Begin PBXBuildFile section */
		9112F5711B39BB2600FBDFCB /* chainlib.c in Sources */ = {isa = PBXBuildFile; fileRef = 9112F5701B39BB2600FBDFCB /* chainlib.c */; };
		913342E81B4C7A42000CB78A /* chainquery.c in Sources */ = {isa = PBXBuildFile; fileRef = 913342E71B4C7A42000CB78A /* chainquery.c */; };
		913342EA1B4C7A62000CB78A /* libjansson.a in Frameworks */ = {isa = PBXBuildFile; fileRef = 913342E91B4C7A62000CB78A /* libjansson.a */; };
		913342EC1B4C7A78000CB78A /* requests.c in Sources */ = {isa = PBXBuildFile; fileRef = 913342EB1B4C7A78000CB78A /* requests.c */; };
		913342EE1B4C7A7F000CB78A /* libcurl.dylib in Frameworks */ = {isa = PBXBuildFile; fileRef = 913342ED1B4C7A7F000CB78A /* libcurl.dylib */; };
		91674A131B537C2400029E21 /* chainworker.c in Sources */ = {isa = PBXBuildFile; fileRef = 91674A121B537C2400029E21 /* chainworker.c */; };
		917AE2CC1B2649590007B529 /* maxmspsdk.xcconfig in Resources */ = {isa = PBXBuildFile; fileRef = 917AE2CB1B2649590007B529 /* maxmspsdk.xcconfig */; };
		917AE2CE1B264A2D0007B529 /* chain.device.c in Sources */ = {isa = PBXBuildFile; fileRef = 917AE2CD1B264A2D0007B529 /* chain.device.c */; };
		917AE2D01B2748F90007B529 /* commonsyms.c in Sources */ = {isa = PBXBuildFile; fileRef = 917AE2CF1B2748F90007B529 /* commonsyms.c */; };
		917AE2D21B27492B0007B529 /* messages.c in Sources */ = {isa = PBXBuildFile; fileRef = 917AE2D11B27492B0007B529 /* messages.c */; };
		917AE2D41B2762240007B529 /* queries.c in Sources */ = {isa = PBXBuildFile; fileRef = 917AE2D31B2762240007B529 /* queries.c */; };
/* End PBXBuildFile section */

/* Begin PBXFileReference section */
		9112F5701B39BB2600FBDFCB /* chainlib.c */ = {isa = PBXFileReference; fileEncoding = 4; lastKnownFileType = sourcecode.c.c; name = chainlib.c; path = ../common/chainlib.c; sourceTree = "<group>"; };
		913342E71B4C7A42000CB78A /* chainquery.c */ = {isa = PBXFileReference; fileEncoding = 4; lastKnownFileType = sourcecode.c.c; name = chainquery.c; path = ../common/chainquery.c; sourceTree = "<group>"; };
		913342E91B4C7A62000CB78A /* libjansson.a */ = {isa = PBXFileReference; lastKnownFileType = archive.ar; name = libjansson.a; path = ../jansson/build/lib/libjansson.a; sourceTree = "<group>"; };
		913342EB1B4C7A78000CB78A /* requests.c */ = {isa = PBXFileReference; fileEncoding = 4; lastKnownFileType = sourcecode.c.c; name = requests.c; path = ../common/requests.c; sourceTree = "<group>"; };
		913342ED1B4C7A7F000CB78A /* libcurl.dylib */ = {isa = PBXFileReference; lastKnownFileType = "compiled.mach-o.dylib"; name = libcurl.dylib; path = usr/lib/libcurl.dylib; sourceTree = SDKROOT; };
		91674A121B537C2400029E21 /* chainworker.c */ = {isa = PBXFileReference; fileEncoding = 4; lastKnownFileType = sourcecode.c.c; name = chainworker.c; path = ../common/chainworker.c; sourceTree = "<group>"; };
		917AE2C11B26494D0007B529 /* chain.device.mxo */ = {isa = PBXFileReference; explicitFileType = wrapper.cfbundle; includeInIndex = 0; path = chain.device.mxo; sourceTree = BUILT_PRODUCTS_DIR; };
		917AE2CB1B2649590007B529 /* maxmspsdk.xcconfig */ = {isa = PBXFileReference; fileEncoding = 4; lastKnownFileType = text.xcconfig; name = maxmspsdk.xcconfig; path = ../maxmspsdk.xcconfig; sourceTree = "<group>"; };
		917AE2CD1B264A2D0007B529 /* chain.device.c */ = {isa = PBXFileReference; fileEncoding = 4; lastKnownFileType = sourcecode.c.c; path = chain.device.c; sourceTree = "<group>"; };
		917AE2CF1B2748F90007B529 /* commonsyms.c */ = {isa = PBXFileReference; fileEncoding = 4; lastKnownFileType = sourcecode.c.c; name = commonsyms.c; path = "../max6-sdk/c74support/max-includes/common/commonsyms.c"; sourceTree = "<group>"; };
		917AE2D11B27492B0007B529 /* messages.c */ = {isa = PBXFileReference; fileEncoding = 4; lastKnownFileType = sourcecode.c.c; name = messages.c; path = ../common/messages.c; sourceTree = "<group>"; };
		917AE2D31B2762240007B529 /* queries.c */ = {isa = PBXFileReference; fileEncoding = 4; lastKnownFileType = sourcecode.c.c; name = queries.c; path = ../common/queries.c; sourceTree = "<group>"; };
/* End PBXFileReference section */

/* Begin PBXFrameworksBuildPhase section */
		917AE2BE1B26494D0007B529 /* Frameworks */ = {
			isa = PBXFrameworksBuildPhase;
			buildActionMask = 2147483647;
			files = (
				913342EE1B4C7A7F000CB78A /* libcurl.dylib in Frameworks */,
				913342EA1B4C7A62000CB78A /* libjansson.a in Frameworks */,
			);
			runOnlyForDeploymentPostprocessing = 0;
		};
/* End PBXFrameworksBuildPhase section */

/* Begin PBXGroup section */
		917AE2B81B26494D0007B529 = {
			isa = PBXGroup;
			children = (
				913342ED1B4C7A7F000CB78A /* libcurl.dylib */,
				917AE2CD1B264A2D0007B529 /* chain.device.c */,
				913342E91B4C7A62000CB78A /* libjansson.a */,
				917AE2D31B2762240007B529 /* queries.c */,
				9112F5701B39BB2600FBDFCB /* chainlib.c */,
				913342EB1B4C7A78000CB78A /* requests.c */,
				91674A121B537C2400029E21 /* chainworker.c */,
				913342E71B4C7A42000CB78A /* chainquery.c */,
				917AE2D11B27492B0007B529 /* messages.c */,
				917AE2CF1B2748F90007B529 /* commonsyms.c */,
				917AE2CB1B2649590007B529 /* maxmspsdk.xcconfig */,
				917AE2C21B26494D0007B529 /* Products */,
			);
			sourceTree = "<group>";
		};
		917AE2C21B26494D0007B529 /* Products */ = {
			isa = PBXGroup;
			children = (
				917AE2C11B26494D0007B529 /* chain.device.mxo */,
			);
			name = Products;
			sourceTree = "<group>";
		};
/* End PBXGroup section */

/* Begin PBXNativeTarget section */
		917AE2C01B26494D0007B529 /* chain.device */ = {
			isa = PBXNativeTarget;
			buildConfigurationList = 917AE2C81B26494D0007B529 /* Build configuration list for PBXNativeTarget "chain.device" */;
			buildPhases = (
				917AE2BD1B26494D0007B529 /* Sources */,
				917AE2BE1B26494D0007B529 /* Frameworks */,
				917AE2BF1B26494D0007B529 /* Resources */,
			);
			buildRules = (
			);
			dependencies = (
			);
			name = chain.device;
			productName = chain.device;
			productReference = 917AE2C11B26494D0007B529 /* chain.device.mxo */;
			productType = "com.apple.product-type.bundle";
		};
/* End PBXNativeTarget section */

/* Begin PBXProject section */
		917AE2B91B26494D0007B529 /* Project object */ = {
			isa = PBXProject;
			attributes = {
				LastUpgradeCheck = 0630;
				ORGANIZATIONNAME = "Evan Lynch";
				TargetAttributes = {
					917AE2C01B26494D0007B529 = {
						CreatedOnToolsVersion = 6.3.2;
					};
				};
			};
			buildConfigurationList = 917AE2BC1B26494D0007B529 /* Build configuration list for PBXProject "chain.device" */;
			compatibilityVersion = "Xcode 3.2";
			developmentRegion = English;
			hasScannedForEncodings = 0;
			knownRegions = (
				en,
			);
			mainGroup = 917AE2B81B26494D0007B529;
			productRefGroup = 917AE2C21B26494D0007B529 /* Products */;
			projectDirPath = "";
			projectRoot = "";
			targets = (
				917AE2C01B26494D0007B529 /* chain.device */,
			);
		};
/* End PBXProject section */

/* Begin PBXResourcesBuildPhase section */
		917AE2BF1B26494D0007B529 /* Resources */ = {
			isa = PBXResourcesBuildPhase;
			buildActionMask = 2147483647;
			files = (
				917AE2CC1B2649590007B529 /* maxmspsdk.xcconfig in Resources */,
			);
			runOnlyForDeploymentPostprocessing = 0;
		};
/* End PBXResourcesBuildPhase section */

/* Begin PBXSourcesBuildPhase section */
		917AE2BD1B26494D0007B529 /* Sources */ = {
			isa = PBXSourcesBuildPhase;
			buildActionMask = 2147483647;
			files = (
				913342E81B4C7A42000CB78A /* chainquery.c in Sources */,
				9112F5711B39BB2600FBDFCB /* chainlib.c in Sources */,
				917AE2D41B2762240007B529 /* queries.c in Sources */,
				91674A131B537C2400029E21 /* chainworker.c in Sources */,
				917AE2D01B2748F90007B529 /* commonsyms.c in Sources */,
				917AE2D21B27492B0007B529 /* messages.c in Sources */,
				917AE2CE1B264A2D0007B529 /* chain.device.c in Sources */,
				913342EC1B4C7A78000CB78A /* requests.c in Sources */,
			);
			runOnlyForDeploymentPostprocessing = 0;
		};
/* End PBXSourcesBuildPhase section */

/* Begin XCBuildConfiguration section */
		917AE2C61B26494D0007B529 /* Debug */ = {
			isa = XCBuildConfiguration;
			baseConfigurationReference = 917AE2CB1B2649590007B529 /* maxmspsdk.xcconfig */;
			buildSettings = {
				CLANG_CXX_LANGUAGE_STANDARD = "gnu++0x";
				CLANG_CXX_LIBRARY = "libc++";
				CLANG_ENABLE_MODULES = YES;
				CLANG_ENABLE_OBJC_ARC = YES;
				CLANG_WARN_BOOL_CONVERSION = YES;
				CLANG_WARN_CONSTANT_CONVERSION = YES;
				CLANG_WARN_DIRECT_OBJC_ISA_USAGE = YES_ERROR;
				CLANG_WARN_EMPTY_BODY = YES;
				CLANG_WARN_ENUM_CONVERSION = YES;
				CLANG_WARN_INT_CONVERSION = YES;
				CLANG_WARN_OBJC_ROOT_CLASS = YES_ERROR;
				CLANG_WARN_UNREACHABLE_CODE = YES;
				CLANG_WARN__DUPLICATE_METHOD_MATCH = YES;
				COPY_PHASE_STRIP = NO;
				DEBUG_INFORMATION_FORMAT = dwarf;
				ENABLE_STRICT_OBJC_MSGSEND = YES;
				GCC_C_LANGUAGE_STANDARD = gnu99;
				GCC_DYNAMIC_NO_PIC = NO;
				GCC_NO_COMMON_BLOCKS = YES;
				GCC_OPTIMIZATION_LEVEL = 0;
				GCC_PREPROCESSOR_DEFINITIONS = (
					"DEBUG=1",
					"$(inherited)",
				);
				GCC_SYMBOLS_PRIVATE_EXTERN = NO;
				GCC_WARN_64_TO_32_BIT_CONVERSION = YES;
				GCC_WARN_ABOUT_RETURN_TYPE = YES_ERROR;
				GCC_WARN_UNDECLARED_SELECTOR = YES;
				GCC_WARN_UNINITIALIZED_AUTOS = YES_AGGRESSIVE;
				GCC_WARN_UNUSED_FUNCTION = YES;
				GCC_WARN_UNUSED_VARIABLE = YES;
				MACOSX_DEPLOYMENT_TARGET = 10.10;
				MTL_ENABLE_DEBUG_INFO = YES;
			};
			name = Debug;
		};
		917AE2C71B26494D0007B529 /* Release */ = {
			isa = XCBuildConfiguration;
			baseConfigurationReference = 917AE2CB1B2649590007B529 /* maxmspsdk.xcconfig */;
			buildSettings = {
				CLANG_CXX_LANGUAGE_STANDARD = "gnu++0x";
				CLANG_CXX_LIBRARY = "libc++";
				CLANG_ENABLE_MODULES = YES;
				CLANG_ENABLE_OBJC_ARC = YES;
				CLANG_WARN_BOOL_CONVERSION = YES;
				CLANG_WARN_CONSTANT_CONVERSION = YES;
				CLANG_WARN_DIRECT_OBJC_ISA_USAGE = YES_ERROR;
				CLANG_WARN_EMPTY_BODY = YES;
				CLANG_WARN_ENUM_CONVERSION = YES;
				CLANG_WARN_INT_CONVERSION = YES;
				CLANG_WARN_OBJC_ROOT_CLASS = YES_ERROR;
				CLANG_WARN_UNREACHABLE_CODE = YES;
				CLANG_WARN__DUPLICATE_METHOD_MATCH = YES;
				COPY_PHASE_STRIP = NO;
				DEBUG_INFORMATION_FORMAT = "dwarf-with-dsym";
				ENABLE_NS_ASSERTIONS = NO;
				ENABLE_STRICT_OBJC_MSGSEND = YES;
				GCC_C_LANGUAGE_STANDARD = gnu99;
				GCC_NO_COMMON_BLOCKS = YES;
				GCC_WARN_64_TO_32_BIT_CONVERSION = YES;
				GCC_WARN_ABOUT_RETURN_TYPE = YES_ERROR;
				GCC_WARN_UNDECLARED_SELECTOR = YES;
				GCC_WARN_UNINITIALIZED_AUTOS = YES_AGGRESSIVE;
				GCC_WARN_UNUSED_FUNCTION = YES;
				GCC_WARN_UNUSED_VARIABLE = YES;
				MACOSX_DEPLOYMENT_TARGET = 10.10;
				MTL_ENABLE_DEBUG_INFO = NO;
			};
			name = Release;
		};
		917AE2C91B26494D0007B529 /* Debug */ = {
			isa = XCBuildConfiguration;
			baseConfigurationReference = 917AE2CB1B2649590007B529 /* maxmspsdk.xcconfig */;
			buildSettings = {
				LIBRARY_SEARCH_PATHS = (
					"$(inherited)",
					/Users/eflynch/things/maxchain/jansson/build/lib,
				);
			};
			name = Debug;
		};
		917AE2CA1B26494D0007B529 /* Release */ = {
			isa = XCBuildConfiguration;
			baseConfigurationReference = 917AE2CB1B2649590007B529 /* maxmspsdk.xcconfig */;
			buildSettings = {
				LIBRARY_SEARCH_PATHS = (
					"$(inherited)",
					/Users/eflynch/things/maxchain/jansson/build/lib,
				);
			};
			name = Release;
		};
/* End XCBuildConfiguration section */

/* Begin XCConfigurationList section */
		917AE2BC1B26494D0007B529 /* Build configuration list for PBXProject "chain.device" */ = {
			isa = XCConfigurationList;
			buildConfigurations = (
				917AE2C61B26494D0007B529 /* Debug */,
				917AE2C71B26494D0007B529 /* Release */,
			);
			defaultConfigurationIsVisible = 0;
			defaultConfigurationName = Release;
		};
		917AE2C81B26494D0007B529 /* Build configuration list for PBXNativeTarget "chain.device" */ = {
			isa = XCConfigurationList;
			buildConfigurations = (
				917AE2C91B26494D0007B529 /* Debug */,
				917AE2CA1B26494D0007B529 /* Release */,
			);
			defaultConfigurationIsVisible = 0;
			defaultConfigurationName = Release;
		};
/* End XCConfigurationList section */
	};
	rootObject = 917AE2B91B26494D0007B529 /* Project object */;
}
