// !$*UTF8*$!
{
	archiveVersion = 1;
	classes = {
	};
	objectVersion = 46;
	objects = {

/* Begin PBXBuildFile section */
		9136691B1B4C73C90066E155 /* chainquery.c in Sources */ = {isa = PBXBuildFile; fileRef = 9136691A1B4C73C90066E155 /* chainquery.c */; };
		914468C51B3DF4C300B1D910 /* libjansson.a in Frameworks */ = {isa = PBXBuildFile; fileRef = 914468C41B3DF4C300B1D910 /* libjansson.a */; };
		914468C71B3E012700B1D910 /* libwebsockets.a in Frameworks */ = {isa = PBXBuildFile; fileRef = 914468C61B3E012700B1D910 /* libwebsockets.a */; };
		91753D6D1B2B75B00059E455 /* chainwebsocket.c in Sources */ = {isa = PBXBuildFile; fileRef = 91753D6C1B2B75B00059E455 /* chainwebsocket.c */; };
		91753D771B2B8AD10059E455 /* libssl.dylib in Frameworks */ = {isa = PBXBuildFile; fileRef = 91753D761B2B8AD10059E455 /* libssl.dylib */; };
		91753D7B1B2B8B760059E455 /* libcrypto.dylib in Frameworks */ = {isa = PBXBuildFile; fileRef = 91753D7A1B2B8B760059E455 /* libcrypto.dylib */; };
		91753D7D1B2B8B9C0059E455 /* libz.dylib in Frameworks */ = {isa = PBXBuildFile; fileRef = 91753D7C1B2B8B9C0059E455 /* libz.dylib */; };
		918FD3C31B4DCA8E00B07589 /* chainhistorical.c in Sources */ = {isa = PBXBuildFile; fileRef = 918FD3C21B4DCA8E00B07589 /* chainhistorical.c */; };
		918FD3C51B4DCABC00B07589 /* pri_queue.c in Sources */ = {isa = PBXBuildFile; fileRef = 918FD3C41B4DCABC00B07589 /* pri_queue.c */; };
		918FD3C71B4DCAC500B07589 /* pseudoclock.c in Sources */ = {isa = PBXBuildFile; fileRef = 918FD3C61B4DCAC500B07589 /* pseudoclock.c */; };
		918FD3CB1B4F065900B07589 /* chainevent.c in Sources */ = {isa = PBXBuildFile; fileRef = 918FD3CA1B4F065900B07589 /* chainevent.c */; };
		91ABCC101B39DA100085CC66 /* chainlib.c in Sources */ = {isa = PBXBuildFile; fileRef = 91ABCC0F1B39DA100085CC66 /* chainlib.c */; };
		91B64A851B0D0C2600777B9A /* chain.site.c in Sources */ = {isa = PBXBuildFile; fileRef = 91B64A841B0D0C2600777B9A /* chain.site.c */; };
		91B64A871B0D0C4B00777B9A /* maxmspsdk.xcconfig in Resources */ = {isa = PBXBuildFile; fileRef = 91B64A861B0D0C4B00777B9A /* maxmspsdk.xcconfig */; };
		91B64A891B0E345B00777B9A /* commonsyms.c in Sources */ = {isa = PBXBuildFile; fileRef = 91B64A881B0E345B00777B9A /* commonsyms.c */; };
		91CF9DF71B1F6212001D45FA /* requests.c in Sources */ = {isa = PBXBuildFile; fileRef = 91CF9DF61B1F6212001D45FA /* requests.c */; };
		91CF9DF91B1F667B001D45FA /* libcurl.dylib in Frameworks */ = {isa = PBXBuildFile; fileRef = 91CF9DF81B1F667B001D45FA /* libcurl.dylib */; };
		91CF9E021B1F7678001D45FA /* messages.c in Sources */ = {isa = PBXBuildFile; fileRef = 91CF9E011B1F7678001D45FA /* messages.c */; };
		91CF9E041B20CC66001D45FA /* queries.c in Sources */ = {isa = PBXBuildFile; fileRef = 91CF9E031B20CC66001D45FA /* queries.c */; };
/* End PBXBuildFile section */

/* Begin PBXFileReference section */
		9136691A1B4C73C90066E155 /* chainquery.c */ = {isa = PBXFileReference; fileEncoding = 4; lastKnownFileType = sourcecode.c.c; name = chainquery.c; path = ../common/chainquery.c; sourceTree = "<group>"; };
		914468C41B3DF4C300B1D910 /* libjansson.a */ = {isa = PBXFileReference; lastKnownFileType = archive.ar; name = libjansson.a; path = ../jansson/build/lib/libjansson.a; sourceTree = SOURCE_ROOT; };
		914468C61B3E012700B1D910 /* libwebsockets.a */ = {isa = PBXFileReference; lastKnownFileType = archive.ar; name = libwebsockets.a; path = ../libwebsockets/build/lib/libwebsockets.a; sourceTree = SOURCE_ROOT; };
		91753D6C1B2B75B00059E455 /* chainwebsocket.c */ = {isa = PBXFileReference; fileEncoding = 4; lastKnownFileType = sourcecode.c.c; path = chainwebsocket.c; sourceTree = "<group>"; };
		91753D761B2B8AD10059E455 /* libssl.dylib */ = {isa = PBXFileReference; lastKnownFileType = "compiled.mach-o.dylib"; name = libssl.dylib; path = usr/lib/libssl.dylib; sourceTree = SDKROOT; };
		91753D7A1B2B8B760059E455 /* libcrypto.dylib */ = {isa = PBXFileReference; lastKnownFileType = "compiled.mach-o.dylib"; name = libcrypto.dylib; path = usr/lib/libcrypto.dylib; sourceTree = SDKROOT; };
		91753D7C1B2B8B9C0059E455 /* libz.dylib */ = {isa = PBXFileReference; lastKnownFileType = "compiled.mach-o.dylib"; name = libz.dylib; path = usr/lib/libz.dylib; sourceTree = SDKROOT; };
		918FD3C21B4DCA8E00B07589 /* chainhistorical.c */ = {isa = PBXFileReference; fileEncoding = 4; lastKnownFileType = sourcecode.c.c; path = chainhistorical.c; sourceTree = "<group>"; };
		918FD3C41B4DCABC00B07589 /* pri_queue.c */ = {isa = PBXFileReference; fileEncoding = 4; lastKnownFileType = sourcecode.c.c; name = pri_queue.c; path = ../common/pri_queue.c; sourceTree = "<group>"; };
		918FD3C61B4DCAC500B07589 /* pseudoclock.c */ = {isa = PBXFileReference; fileEncoding = 4; lastKnownFileType = sourcecode.c.c; name = pseudoclock.c; path = ../common/pseudoclock.c; sourceTree = "<group>"; };
		918FD3CA1B4F065900B07589 /* chainevent.c */ = {isa = PBXFileReference; fileEncoding = 4; lastKnownFileType = sourcecode.c.c; name = chainevent.c; path = ../common/chainevent.c; sourceTree = "<group>"; };
		91ABCC0F1B39DA100085CC66 /* chainlib.c */ = {isa = PBXFileReference; fileEncoding = 4; lastKnownFileType = sourcecode.c.c; name = chainlib.c; path = ../common/chainlib.c; sourceTree = "<group>"; };
		91B64A7A1B0D0C0200777B9A /* chain.site.mxo */ = {isa = PBXFileReference; explicitFileType = wrapper.cfbundle; includeInIndex = 0; path = chain.site.mxo; sourceTree = BUILT_PRODUCTS_DIR; };
		91B64A841B0D0C2600777B9A /* chain.site.c */ = {isa = PBXFileReference; fileEncoding = 4; lastKnownFileType = sourcecode.c.c; path = chain.site.c; sourceTree = "<group>"; };
		91B64A861B0D0C4B00777B9A /* maxmspsdk.xcconfig */ = {isa = PBXFileReference; fileEncoding = 4; lastKnownFileType = text.xcconfig; name = maxmspsdk.xcconfig; path = ../maxmspsdk.xcconfig; sourceTree = "<group>"; };
		91B64A881B0E345B00777B9A /* commonsyms.c */ = {isa = PBXFileReference; fileEncoding = 4; lastKnownFileType = sourcecode.c.c; name = commonsyms.c; path = "../max6-sdk/c74support/max-includes/common/commonsyms.c"; sourceTree = "<group>"; };
		91C579F41B38869D005686FD /* chain.site.h */ = {isa = PBXFileReference; lastKnownFileType = sourcecode.c.h; path = chain.site.h; sourceTree = "<group>"; };
		91CF9DF61B1F6212001D45FA /* requests.c */ = {isa = PBXFileReference; fileEncoding = 4; lastKnownFileType = sourcecode.c.c; name = requests.c; path = ../common/requests.c; sourceTree = "<group>"; };
		91CF9DF81B1F667B001D45FA /* libcurl.dylib */ = {isa = PBXFileReference; lastKnownFileType = "compiled.mach-o.dylib"; name = libcurl.dylib; path = usr/lib/libcurl.dylib; sourceTree = SDKROOT; };
		91CF9E011B1F7678001D45FA /* messages.c */ = {isa = PBXFileReference; fileEncoding = 4; lastKnownFileType = sourcecode.c.c; name = messages.c; path = ../common/messages.c; sourceTree = "<group>"; };
		91CF9E031B20CC66001D45FA /* queries.c */ = {isa = PBXFileReference; fileEncoding = 4; lastKnownFileType = sourcecode.c.c; name = queries.c; path = ../common/queries.c; sourceTree = "<group>"; };
/* End PBXFileReference section */

/* Begin PBXFrameworksBuildPhase section */
		91B64A771B0D0C0200777B9A /* Frameworks */ = {
			isa = PBXFrameworksBuildPhase;
			buildActionMask = 2147483647;
			files = (
				91753D7D1B2B8B9C0059E455 /* libz.dylib in Frameworks */,
				91753D7B1B2B8B760059E455 /* libcrypto.dylib in Frameworks */,
				91753D771B2B8AD10059E455 /* libssl.dylib in Frameworks */,
				914468C51B3DF4C300B1D910 /* libjansson.a in Frameworks */,
				91CF9DF91B1F667B001D45FA /* libcurl.dylib in Frameworks */,
				914468C71B3E012700B1D910 /* libwebsockets.a in Frameworks */,
			);
			runOnlyForDeploymentPostprocessing = 0;
		};
/* End PBXFrameworksBuildPhase section */

/* Begin PBXGroup section */
		91B64A711B0D0C0200777B9A = {
			isa = PBXGroup;
			children = (
				91C579F41B38869D005686FD /* chain.site.h */,
				91753D7C1B2B8B9C0059E455 /* libz.dylib */,
				91753D7A1B2B8B760059E455 /* libcrypto.dylib */,
				91753D761B2B8AD10059E455 /* libssl.dylib */,
				91CF9DF81B1F667B001D45FA /* libcurl.dylib */,
				914468C41B3DF4C300B1D910 /* libjansson.a */,
				914468C61B3E012700B1D910 /* libwebsockets.a */,
				91B64A861B0D0C4B00777B9A /* maxmspsdk.xcconfig */,
				918FD3C61B4DCAC500B07589 /* pseudoclock.c */,
				918FD3C41B4DCABC00B07589 /* pri_queue.c */,
				91CF9DF61B1F6212001D45FA /* requests.c */,
				91CF9E011B1F7678001D45FA /* messages.c */,
				91CF9E031B20CC66001D45FA /* queries.c */,
				9136691A1B4C73C90066E155 /* chainquery.c */,
				918FD3CA1B4F065900B07589 /* chainevent.c */,
				918FD3C21B4DCA8E00B07589 /* chainhistorical.c */,
				91753D6C1B2B75B00059E455 /* chainwebsocket.c */,
				91B64A881B0E345B00777B9A /* commonsyms.c */,
				91ABCC0F1B39DA100085CC66 /* chainlib.c */,
				91B64A841B0D0C2600777B9A /* chain.site.c */,
				91B64A7B1B0D0C0200777B9A /* Products */,
			);
			sourceTree = "<group>";
		};
		91B64A7B1B0D0C0200777B9A /* Products */ = {
			isa = PBXGroup;
			children = (
				91B64A7A1B0D0C0200777B9A /* chain.site.mxo */,
			);
			name = Products;
			sourceTree = "<group>";
		};
/* End PBXGroup section */

/* Begin PBXNativeTarget section */
		91B64A791B0D0C0200777B9A /* chain.site */ = {
			isa = PBXNativeTarget;
			buildConfigurationList = 91B64A811B0D0C0200777B9A /* Build configuration list for PBXNativeTarget "chain.site" */;
			buildPhases = (
				91B64A761B0D0C0200777B9A /* Sources */,
				91B64A771B0D0C0200777B9A /* Frameworks */,
				91B64A781B0D0C0200777B9A /* Resources */,
			);
			buildRules = (
			);
			dependencies = (
			);
			name = chain.site;
			productName = chain.site;
			productReference = 91B64A7A1B0D0C0200777B9A /* chain.site.mxo */;
			productType = "com.apple.product-type.bundle";
		};
/* End PBXNativeTarget section */

/* Begin PBXProject section */
		91B64A721B0D0C0200777B9A /* Project object */ = {
			isa = PBXProject;
			attributes = {
				LastUpgradeCheck = 0630;
				ORGANIZATIONNAME = "Evan Lynch";
				TargetAttributes = {
					91B64A791B0D0C0200777B9A = {
						CreatedOnToolsVersion = 6.3.2;
					};
				};
			};
			buildConfigurationList = 91B64A751B0D0C0200777B9A /* Build configuration list for PBXProject "chain.site" */;
			compatibilityVersion = "Xcode 3.2";
			developmentRegion = English;
			hasScannedForEncodings = 0;
			knownRegions = (
				en,
			);
			mainGroup = 91B64A711B0D0C0200777B9A;
			productRefGroup = 91B64A7B1B0D0C0200777B9A /* Products */;
			projectDirPath = "";
			projectRoot = "";
			targets = (
				91B64A791B0D0C0200777B9A /* chain.site */,
			);
		};
/* End PBXProject section */

/* Begin PBXResourcesBuildPhase section */
		91B64A781B0D0C0200777B9A /* Resources */ = {
			isa = PBXResourcesBuildPhase;
			buildActionMask = 2147483647;
			files = (
				91B64A871B0D0C4B00777B9A /* maxmspsdk.xcconfig in Resources */,
			);
			runOnlyForDeploymentPostprocessing = 0;
		};
/* End PBXResourcesBuildPhase section */

/* Begin PBXSourcesBuildPhase section */
		91B64A761B0D0C0200777B9A /* Sources */ = {
			isa = PBXSourcesBuildPhase;
			buildActionMask = 2147483647;
			files = (
				91753D6D1B2B75B00059E455 /* chainwebsocket.c in Sources */,
				91CF9E041B20CC66001D45FA /* queries.c in Sources */,
				91B64A891B0E345B00777B9A /* commonsyms.c in Sources */,
				918FD3C51B4DCABC00B07589 /* pri_queue.c in Sources */,
				91B64A851B0D0C2600777B9A /* chain.site.c in Sources */,
				918FD3C31B4DCA8E00B07589 /* chainhistorical.c in Sources */,
				91CF9DF71B1F6212001D45FA /* requests.c in Sources */,
				91ABCC101B39DA100085CC66 /* chainlib.c in Sources */,
				9136691B1B4C73C90066E155 /* chainquery.c in Sources */,
				918FD3C71B4DCAC500B07589 /* pseudoclock.c in Sources */,
				918FD3CB1B4F065900B07589 /* chainevent.c in Sources */,
				91CF9E021B1F7678001D45FA /* messages.c in Sources */,
			);
			runOnlyForDeploymentPostprocessing = 0;
		};
/* End PBXSourcesBuildPhase section */

/* Begin XCBuildConfiguration section */
		91B64A7F1B0D0C0200777B9A /* Debug */ = {
			isa = XCBuildConfiguration;
			baseConfigurationReference = 91B64A861B0D0C4B00777B9A /* maxmspsdk.xcconfig */;
			buildSettings = {
				CLANG_CXX_LANGUAGE_STANDARD = "gnu++0x";
				CLANG_CXX_LIBRARY = "libc++";
				CLANG_ENABLE_MODULES = YES;
				CLANG_ENABLE_OBJC_ARC = YES;
				CLANG_WARN_BOOL_CONVERSION = YES;
				CLANG_WARN_CONSTANT_CONVERSION = YES;
				CLANG_WARN_DIRECT_OBJC_ISA_USAGE = YES_ERROR;
				CLANG_WARN_EMPTY_BODY = YES;
				CLANG_WARN_ENUM_CONVERSION = YES;
				CLANG_WARN_INT_CONVERSION = YES;
				CLANG_WARN_OBJC_ROOT_CLASS = YES_ERROR;
				CLANG_WARN_UNREACHABLE_CODE = YES;
				CLANG_WARN__DUPLICATE_METHOD_MATCH = YES;
				COPY_PHASE_STRIP = NO;
				DEBUG_INFORMATION_FORMAT = dwarf;
				ENABLE_STRICT_OBJC_MSGSEND = YES;
				GCC_C_LANGUAGE_STANDARD = gnu99;
				GCC_DYNAMIC_NO_PIC = NO;
				GCC_NO_COMMON_BLOCKS = YES;
				GCC_OPTIMIZATION_LEVEL = 0;
				GCC_PREPROCESSOR_DEFINITIONS = (
					"DEBUG=1",
					"$(inherited)",
				);
				GCC_SYMBOLS_PRIVATE_EXTERN = NO;
				GCC_WARN_64_TO_32_BIT_CONVERSION = YES;
				GCC_WARN_ABOUT_RETURN_TYPE = YES_ERROR;
				GCC_WARN_UNDECLARED_SELECTOR = YES;
				GCC_WARN_UNINITIALIZED_AUTOS = YES_AGGRESSIVE;
				GCC_WARN_UNUSED_FUNCTION = YES;
				GCC_WARN_UNUSED_VARIABLE = YES;
				MACOSX_DEPLOYMENT_TARGET = 10.10;
				MTL_ENABLE_DEBUG_INFO = YES;
				SDKROOT = macosx;
			};
			name = Debug;
		};
		91B64A801B0D0C0200777B9A /* Release */ = {
			isa = XCBuildConfiguration;
			baseConfigurationReference = 91B64A861B0D0C4B00777B9A /* maxmspsdk.xcconfig */;
			buildSettings = {
				CLANG_CXX_LANGUAGE_STANDARD = "gnu++0x";
				CLANG_CXX_LIBRARY = "libc++";
				CLANG_ENABLE_MODULES = YES;
				CLANG_ENABLE_OBJC_ARC = YES;
				CLANG_WARN_BOOL_CONVERSION = YES;
				CLANG_WARN_CONSTANT_CONVERSION = YES;
				CLANG_WARN_DIRECT_OBJC_ISA_USAGE = YES_ERROR;
				CLANG_WARN_EMPTY_BODY = YES;
				CLANG_WARN_ENUM_CONVERSION = YES;
				CLANG_WARN_INT_CONVERSION = YES;
				CLANG_WARN_OBJC_ROOT_CLASS = YES_ERROR;
				CLANG_WARN_UNREACHABLE_CODE = YES;
				CLANG_WARN__DUPLICATE_METHOD_MATCH = YES;
				COPY_PHASE_STRIP = NO;
				DEBUG_INFORMATION_FORMAT = "dwarf-with-dsym";
				ENABLE_NS_ASSERTIONS = NO;
				ENABLE_STRICT_OBJC_MSGSEND = YES;
				GCC_C_LANGUAGE_STANDARD = gnu99;
				GCC_NO_COMMON_BLOCKS = YES;
				GCC_WARN_64_TO_32_BIT_CONVERSION = YES;
				GCC_WARN_ABOUT_RETURN_TYPE = YES_ERROR;
				GCC_WARN_UNDECLARED_SELECTOR = YES;
				GCC_WARN_UNINITIALIZED_AUTOS = YES_AGGRESSIVE;
				GCC_WARN_UNUSED_FUNCTION = YES;
				GCC_WARN_UNUSED_VARIABLE = YES;
				MACOSX_DEPLOYMENT_TARGET = 10.10;
				MTL_ENABLE_DEBUG_INFO = NO;
				SDKROOT = macosx;
			};
			name = Release;
		};
		91B64A821B0D0C0200777B9A /* Debug */ = {
			isa = XCBuildConfiguration;
			baseConfigurationReference = 91B64A861B0D0C4B00777B9A /* maxmspsdk.xcconfig */;
			buildSettings = {
				LIBRARY_SEARCH_PATHS = (
					/usr/local/lib,
					/Users/eflynch/things/maxchain/jansson/build/lib,
					/Users/eflynch/things/maxchain/libwebsockets/build/lib,
				);
			};
			name = Debug;
		};
		91B64A831B0D0C0200777B9A /* Release */ = {
			isa = XCBuildConfiguration;
			baseConfigurationReference = 91B64A861B0D0C4B00777B9A /* maxmspsdk.xcconfig */;
			buildSettings = {
				LIBRARY_SEARCH_PATHS = (
					/usr/local/lib,
					/Users/eflynch/things/maxchain/jansson/build/lib,
					/Users/eflynch/things/maxchain/libwebsockets/build/lib,
				);
			};
			name = Release;
		};
/* End XCBuildConfiguration section */

/* Begin XCConfigurationList section */
		91B64A751B0D0C0200777B9A /* Build configuration list for PBXProject "chain.site" */ = {
			isa = XCConfigurationList;
			buildConfigurations = (
				91B64A7F1B0D0C0200777B9A /* Debug */,
				91B64A801B0D0C0200777B9A /* Release */,
			);
			defaultConfigurationIsVisible = 0;
			defaultConfigurationName = Release;
		};
		91B64A811B0D0C0200777B9A /* Build configuration list for PBXNativeTarget "chain.site" */ = {
			isa = XCConfigurationList;
			buildConfigurations = (
				91B64A821B0D0C0200777B9A /* Debug */,
				91B64A831B0D0C0200777B9A /* Release */,
			);
			defaultConfigurationIsVisible = 0;
			defaultConfigurationName = Release;
		};
/* End XCConfigurationList section */
	};
	rootObject = 91B64A721B0D0C0200777B9A /* Project object */;
}
