// !$*UTF8*$!
{
	archiveVersion = 1;
	classes = {
	};
	objectVersion = 46;
	objects = {

/* Begin PBXBuildFile section */
		910E570C1B5DA6CC002448E3 /* chainlib.c in Sources */ = {isa = PBXBuildFile; fileRef = 910E570B1B5DA6CC002448E3 /* chainlib.c */; };
		915C04141B5D91D100860F94 /* chainworker.c in Sources */ = {isa = PBXBuildFile; fileRef = 915C04131B5D91D100860F94 /* chainworker.c */; };
		915C04161B5DA6AD00860F94 /* queries.c in Sources */ = {isa = PBXBuildFile; fileRef = 915C04151B5DA6AD00860F94 /* queries.c */; };
		91A014951B3CDC7D006B2788 /* maxmspsdk.xcconfig in Resources */ = {isa = PBXBuildFile; fileRef = 91A014941B3CDC7D006B2788 /* maxmspsdk.xcconfig */; };
		91A014971B3CDC84006B2788 /* messages.c in Sources */ = {isa = PBXBuildFile; fileRef = 91A014961B3CDC84006B2788 /* messages.c */; };
		91A014991B3CDCE6006B2788 /* chain.map.c in Sources */ = {isa = PBXBuildFile; fileRef = 91A014981B3CDCE6006B2788 /* chain.map.c */; };
/* End PBXBuildFile section */

/* Begin PBXFileReference section */
		910E570B1B5DA6CC002448E3 /* chainlib.c */ = {isa = PBXFileReference; fileEncoding = 4; lastKnownFileType = sourcecode.c.c; name = chainlib.c; path = ../common/chainlib.c; sourceTree = "<group>"; };
		915C04131B5D91D100860F94 /* chainworker.c */ = {isa = PBXFileReference; fileEncoding = 4; lastKnownFileType = sourcecode.c.c; name = chainworker.c; path = ../common/chainworker.c; sourceTree = "<group>"; };
		915C04151B5DA6AD00860F94 /* queries.c */ = {isa = PBXFileReference; fileEncoding = 4; lastKnownFileType = sourcecode.c.c; name = queries.c; path = ../common/queries.c; sourceTree = "<group>"; };
		91A0148A1B3CDC6E006B2788 /* chain.map.mxo */ = {isa = PBXFileReference; explicitFileType = wrapper.cfbundle; includeInIndex = 0; path = chain.map.mxo; sourceTree = BUILT_PRODUCTS_DIR; };
		91A014941B3CDC7D006B2788 /* maxmspsdk.xcconfig */ = {isa = PBXFileReference; fileEncoding = 4; lastKnownFileType = text.xcconfig; name = maxmspsdk.xcconfig; path = ../maxmspsdk.xcconfig; sourceTree = "<group>"; };
		91A014961B3CDC84006B2788 /* messages.c */ = {isa = PBXFileReference; fileEncoding = 4; lastKnownFileType = sourcecode.c.c; name = messages.c; path = ../common/messages.c; sourceTree = "<group>"; };
		91A014981B3CDCE6006B2788 /* chain.map.c */ = {isa = PBXFileReference; fileEncoding = 4; lastKnownFileType = sourcecode.c.c; name = chain.map.c; path = chain.map.xcodeproj/../chain.map.c; sourceTree = "<group>"; };
/* End PBXFileReference section */

/* Begin PBXFrameworksBuildPhase section */
		91A014871B3CDC6E006B2788 /* Frameworks */ = {
			isa = PBXFrameworksBuildPhase;
			buildActionMask = 2147483647;
			files = (
			);
			runOnlyForDeploymentPostprocessing = 0;
		};
/* End PBXFrameworksBuildPhase section */

/* Begin PBXGroup section */
		91A014811B3CDC6E006B2788 = {
			isa = PBXGroup;
			children = (
				91A014981B3CDCE6006B2788 /* chain.map.c */,
				915C04131B5D91D100860F94 /* chainworker.c */,
				910E570B1B5DA6CC002448E3 /* chainlib.c */,
				915C04151B5DA6AD00860F94 /* queries.c */,
				91A014961B3CDC84006B2788 /* messages.c */,
				91A014941B3CDC7D006B2788 /* maxmspsdk.xcconfig */,
				91A0148B1B3CDC6E006B2788 /* Products */,
			);
			sourceTree = "<group>";
		};
		91A0148B1B3CDC6E006B2788 /* Products */ = {
			isa = PBXGroup;
			children = (
				91A0148A1B3CDC6E006B2788 /* chain.map.mxo */,
			);
			name = Products;
			sourceTree = "<group>";
		};
/* End PBXGroup section */

/* Begin PBXNativeTarget section */
		91A014891B3CDC6E006B2788 /* chain.map */ = {
			isa = PBXNativeTarget;
			buildConfigurationList = 91A014911B3CDC6E006B2788 /* Build configuration list for PBXNativeTarget "chain.map" */;
			buildPhases = (
				91A014861B3CDC6E006B2788 /* Sources */,
				91A014871B3CDC6E006B2788 /* Frameworks */,
				91A014881B3CDC6E006B2788 /* Resources */,
			);
			buildRules = (
			);
			dependencies = (
			);
			name = chain.map;
			productName = chain.map;
			productReference = 91A0148A1B3CDC6E006B2788 /* chain.map.mxo */;
			productType = "com.apple.product-type.bundle";
		};
/* End PBXNativeTarget section */

/* Begin PBXProject section */
		91A014821B3CDC6E006B2788 /* Project object */ = {
			isa = PBXProject;
			attributes = {
				LastUpgradeCheck = 0630;
				ORGANIZATIONNAME = "Evan Lynch";
				TargetAttributes = {
					91A014891B3CDC6E006B2788 = {
						CreatedOnToolsVersion = 6.3.2;
					};
				};
			};
			buildConfigurationList = 91A014851B3CDC6E006B2788 /* Build configuration list for PBXProject "chain.map" */;
			compatibilityVersion = "Xcode 3.2";
			developmentRegion = English;
			hasScannedForEncodings = 0;
			knownRegions = (
				en,
			);
			mainGroup = 91A014811B3CDC6E006B2788;
			productRefGroup = 91A0148B1B3CDC6E006B2788 /* Products */;
			projectDirPath = "";
			projectRoot = "";
			targets = (
				91A014891B3CDC6E006B2788 /* chain.map */,
			);
		};
/* End PBXProject section */

/* Begin PBXResourcesBuildPhase section */
		91A014881B3CDC6E006B2788 /* Resources */ = {
			isa = PBXResourcesBuildPhase;
			buildActionMask = 2147483647;
			files = (
				91A014951B3CDC7D006B2788 /* maxmspsdk.xcconfig in Resources */,
			);
			runOnlyForDeploymentPostprocessing = 0;
		};
/* End PBXResourcesBuildPhase section */

/* Begin PBXSourcesBuildPhase section */
		91A014861B3CDC6E006B2788 /* Sources */ = {
			isa = PBXSourcesBuildPhase;
			buildActionMask = 2147483647;
			files = (
				910E570C1B5DA6CC002448E3 /* chainlib.c in Sources */,
				915C04161B5DA6AD00860F94 /* queries.c in Sources */,
				91A014971B3CDC84006B2788 /* messages.c in Sources */,
				91A014991B3CDCE6006B2788 /* chain.map.c in Sources */,
				915C04141B5D91D100860F94 /* chainworker.c in Sources */,
			);
			runOnlyForDeploymentPostprocessing = 0;
		};
/* End PBXSourcesBuildPhase section */

/* Begin XCBuildConfiguration section */
		91A0148F1B3CDC6E006B2788 /* Debug */ = {
			isa = XCBuildConfiguration;
			baseConfigurationReference = 91A014941B3CDC7D006B2788 /* maxmspsdk.xcconfig */;
			buildSettings = {
				ALWAYS_SEARCH_USER_PATHS = NO;
				CLANG_CXX_LANGUAGE_STANDARD = "gnu++0x";
				CLANG_CXX_LIBRARY = "libc++";
				CLANG_ENABLE_MODULES = YES;
				CLANG_ENABLE_OBJC_ARC = YES;
				CLANG_WARN_BOOL_CONVERSION = YES;
				CLANG_WARN_CONSTANT_CONVERSION = YES;
				CLANG_WARN_DIRECT_OBJC_ISA_USAGE = YES_ERROR;
				CLANG_WARN_EMPTY_BODY = YES;
				CLANG_WARN_ENUM_CONVERSION = YES;
				CLANG_WARN_INT_CONVERSION = YES;
				CLANG_WARN_OBJC_ROOT_CLASS = YES_ERROR;
				CLANG_WARN_UNREACHABLE_CODE = YES;
				CLANG_WARN__DUPLICATE_METHOD_MATCH = YES;
				COPY_PHASE_STRIP = NO;
				DEBUG_INFORMATION_FORMAT = dwarf;
				ENABLE_STRICT_OBJC_MSGSEND = YES;
				GCC_C_LANGUAGE_STANDARD = gnu99;
				GCC_DYNAMIC_NO_PIC = NO;
				GCC_NO_COMMON_BLOCKS = YES;
				GCC_OPTIMIZATION_LEVEL = 0;
				GCC_PREPROCESSOR_DEFINITIONS = (
					"DEBUG=1",
					"$(inherited)",
				);
				GCC_SYMBOLS_PRIVATE_EXTERN = NO;
				GCC_WARN_64_TO_32_BIT_CONVERSION = YES;
				GCC_WARN_ABOUT_RETURN_TYPE = YES_ERROR;
				GCC_WARN_UNDECLARED_SELECTOR = YES;
				GCC_WARN_UNINITIALIZED_AUTOS = YES_AGGRESSIVE;
				GCC_WARN_UNUSED_FUNCTION = YES;
				GCC_WARN_UNUSED_VARIABLE = YES;
				MACOSX_DEPLOYMENT_TARGET = 10.10;
				MTL_ENABLE_DEBUG_INFO = YES;
				SDKROOT = macosx;
			};
			name = Debug;
		};
		91A014901B3CDC6E006B2788 /* Release */ = {
			isa = XCBuildConfiguration;
			baseConfigurationReference = 91A014941B3CDC7D006B2788 /* maxmspsdk.xcconfig */;
			buildSettings = {
				ALWAYS_SEARCH_USER_PATHS = NO;
				CLANG_CXX_LANGUAGE_STANDARD = "gnu++0x";
				CLANG_CXX_LIBRARY = "libc++";
				CLANG_ENABLE_MODULES = YES;
				CLANG_ENABLE_OBJC_ARC = YES;
				CLANG_WARN_BOOL_CONVERSION = YES;
				CLANG_WARN_CONSTANT_CONVERSION = YES;
				CLANG_WARN_DIRECT_OBJC_ISA_USAGE = YES_ERROR;
				CLANG_WARN_EMPTY_BODY = YES;
				CLANG_WARN_ENUM_CONVERSION = YES;
				CLANG_WARN_INT_CONVERSION = YES;
				CLANG_WARN_OBJC_ROOT_CLASS = YES_ERROR;
				CLANG_WARN_UNREACHABLE_CODE = YES;
				CLANG_WARN__DUPLICATE_METHOD_MATCH = YES;
				COPY_PHASE_STRIP = NO;
				DEBUG_INFORMATION_FORMAT = "dwarf-with-dsym";
				ENABLE_NS_ASSERTIONS = NO;
				ENABLE_STRICT_OBJC_MSGSEND = YES;
				GCC_C_LANGUAGE_STANDARD = gnu99;
				GCC_NO_COMMON_BLOCKS = YES;
				GCC_WARN_64_TO_32_BIT_CONVERSION = YES;
				GCC_WARN_ABOUT_RETURN_TYPE = YES_ERROR;
				GCC_WARN_UNDECLARED_SELECTOR = YES;
				GCC_WARN_UNINITIALIZED_AUTOS = YES_AGGRESSIVE;
				GCC_WARN_UNUSED_FUNCTION = YES;
				GCC_WARN_UNUSED_VARIABLE = YES;
				MACOSX_DEPLOYMENT_TARGET = 10.10;
				MTL_ENABLE_DEBUG_INFO = NO;
				SDKROOT = macosx;
			};
			name = Release;
		};
		91A014921B3CDC6E006B2788 /* Debug */ = {
			isa = XCBuildConfiguration;
			baseConfigurationReference = 91A014941B3CDC7D006B2788 /* maxmspsdk.xcconfig */;
			buildSettings = {
			};
			name = Debug;
		};
		91A014931B3CDC6E006B2788 /* Release */ = {
			isa = XCBuildConfiguration;
			baseConfigurationReference = 91A014941B3CDC7D006B2788 /* maxmspsdk.xcconfig */;
			buildSettings = {
			};
			name = Release;
		};
/* End XCBuildConfiguration section */

/* Begin XCConfigurationList section */
		91A014851B3CDC6E006B2788 /* Build configuration list for PBXProject "chain.map" */ = {
			isa = XCConfigurationList;
			buildConfigurations = (
				91A0148F1B3CDC6E006B2788 /* Debug */,
				91A014901B3CDC6E006B2788 /* Release */,
			);
			defaultConfigurationIsVisible = 0;
			defaultConfigurationName = Release;
		};
		91A014911B3CDC6E006B2788 /* Build configuration list for PBXNativeTarget "chain.map" */ = {
			isa = XCConfigurationList;
			buildConfigurations = (
				91A014921B3CDC6E006B2788 /* Debug */,
				91A014931B3CDC6E006B2788 /* Release */,
			);
			defaultConfigurationIsVisible = 0;
			defaultConfigurationName = Release;
		};
/* End XCConfigurationList section */
	};
	rootObject = 91A014821B3CDC6E006B2788 /* Project object */;
}
