// !$*UTF8*$!
{
	archiveVersion = 1;
	classes = {
	};
	objectVersion = 46;
	objects = {

/* Begin PBXBuildFile section */
		9156906A1AFA64F5003E3C4C /* chain.test.c in Sources */ = {isa = PBXBuildFile; fileRef = 915690651AFA64F5003E3C4C /* chain.test.c */; };
/* End PBXBuildFile section */

/* Begin PBXFileReference section */
		9156903D1AF9C188003E3C4C /* MaxAudioAPI.framework */ = {isa = PBXFileReference; lastKnownFileType = wrapper.framework; name = MaxAudioAPI.framework; path = "max6-sdk/c74support/msp-includes/MaxAudioAPI.framework"; sourceTree = "<group>"; };
		9156905B1AFA643B003E3C4C /* chain.test.mxo */ = {isa = PBXFileReference; explicitFileType = wrapper.cfbundle; includeInIndex = 0; path = chain.test.mxo; sourceTree = BUILT_PRODUCTS_DIR; };
		9156905E1AFA643B003E3C4C /* Info.plist */ = {isa = PBXFileReference; lastKnownFileType = text.plist.xml; path = Info.plist; sourceTree = "<group>"; };
		915690631AFA64F5003E3C4C /* chain.example.cpp */ = {isa = PBXFileReference; fileEncoding = 4; lastKnownFileType = sourcecode.cpp.cpp; path = chain.example.cpp; sourceTree = "<group>"; };
		915690651AFA64F5003E3C4C /* chain.test.c */ = {isa = PBXFileReference; fileEncoding = 4; lastKnownFileType = sourcecode.c.c; path = chain.test.c; sourceTree = "<group>"; };
		915690661AFA64F5003E3C4C /* chain.test.cpp */ = {isa = PBXFileReference; fileEncoding = 4; lastKnownFileType = sourcecode.cpp.cpp; path = chain.test.cpp; sourceTree = "<group>"; };
/* End PBXFileReference section */

/* Begin PBXFrameworksBuildPhase section */
		915690581AFA643B003E3C4C /* Frameworks */ = {
			isa = PBXFrameworksBuildPhase;
			buildActionMask = 2147483647;
			files = (
			);
			runOnlyForDeploymentPostprocessing = 0;
		};
/* End PBXFrameworksBuildPhase section */

/* Begin PBXGroup section */
		915690291AF9BCA5003E3C4C = {
			isa = PBXGroup;
			children = (
				915690621AFA64F5003E3C4C /* src */,
				9156903D1AF9C188003E3C4C /* MaxAudioAPI.framework */,
				9156905C1AFA643B003E3C4C /* chain.test */,
				915690331AF9BCA5003E3C4C /* Products */,
			);
			sourceTree = "<group>";
		};
		915690331AF9BCA5003E3C4C /* Products */ = {
			isa = PBXGroup;
			children = (
				9156905B1AFA643B003E3C4C /* chain.test.mxo */,
			);
			name = Products;
			sourceTree = "<group>";
		};
		9156905C1AFA643B003E3C4C /* chain.test */ = {
			isa = PBXGroup;
			children = (
				9156905D1AFA643B003E3C4C /* Supporting Files */,
			);
			path = chain.test;
			sourceTree = "<group>";
		};
		9156905D1AFA643B003E3C4C /* Supporting Files */ = {
			isa = PBXGroup;
			children = (
				9156905E1AFA643B003E3C4C /* Info.plist */,
			);
			name = "Supporting Files";
			sourceTree = "<group>";
		};
		915690621AFA64F5003E3C4C /* src */ = {
			isa = PBXGroup;
			children = (
				915690631AFA64F5003E3C4C /* chain.example.cpp */,
				915690651AFA64F5003E3C4C /* chain.test.c */,
				915690661AFA64F5003E3C4C /* chain.test.cpp */,
			);
			path = src;
			sourceTree = "<group>";
		};
/* End PBXGroup section */

/* Begin PBXNativeTarget section */
		9156905A1AFA643B003E3C4C /* chain.test */ = {
			isa = PBXNativeTarget;
			buildConfigurationList = 9156905F1AFA643B003E3C4C /* Build configuration list for PBXNativeTarget "chain.test" */;
			buildPhases = (
				915690571AFA643B003E3C4C /* Sources */,
				915690581AFA643B003E3C4C /* Frameworks */,
				915690591AFA643B003E3C4C /* Resources */,
			);
			buildRules = (
			);
			dependencies = (
			);
			name = chain.test;
			productName = chain.test;
			productReference = 9156905B1AFA643B003E3C4C /* chain.test.mxo */;
			productType = "com.apple.product-type.bundle";
		};
/* End PBXNativeTarget section */

/* Begin PBXProject section */
		9156902A1AF9BCA5003E3C4C /* Project object */ = {
			isa = PBXProject;
			attributes = {
				LastUpgradeCheck = 0630;
				ORGANIZATIONNAME = "Evan Lynch";
				TargetAttributes = {
					9156905A1AFA643B003E3C4C = {
						CreatedOnToolsVersion = 6.3.1;
					};
				};
			};
			buildConfigurationList = 9156902D1AF9BCA5003E3C4C /* Build configuration list for PBXProject "maxchain" */;
			compatibilityVersion = "Xcode 3.2";
			developmentRegion = English;
			hasScannedForEncodings = 0;
			knownRegions = (
				en,
			);
			mainGroup = 915690291AF9BCA5003E3C4C;
			productRefGroup = 915690331AF9BCA5003E3C4C /* Products */;
			projectDirPath = "";
			projectRoot = "";
			targets = (
				9156905A1AFA643B003E3C4C /* chain.test */,
			);
		};
/* End PBXProject section */

/* Begin PBXResourcesBuildPhase section */
		915690591AFA643B003E3C4C /* Resources */ = {
			isa = PBXResourcesBuildPhase;
			buildActionMask = 2147483647;
			files = (
			);
			runOnlyForDeploymentPostprocessing = 0;
		};
/* End PBXResourcesBuildPhase section */

/* Begin PBXSourcesBuildPhase section */
		915690571AFA643B003E3C4C /* Sources */ = {
			isa = PBXSourcesBuildPhase;
			buildActionMask = 2147483647;
			files = (
				9156906A1AFA64F5003E3C4C /* chain.test.c in Sources */,
			);
			runOnlyForDeploymentPostprocessing = 0;
		};
/* End PBXSourcesBuildPhase section */

/* Begin XCBuildConfiguration section */
		915690371AF9BCA5003E3C4C /* Debug */ = {
			isa = XCBuildConfiguration;
			buildSettings = {
				ALWAYS_SEARCH_USER_PATHS = NO;
				CLANG_CXX_LANGUAGE_STANDARD = "gnu++0x";
				CLANG_CXX_LIBRARY = "libc++";
				CLANG_ENABLE_MODULES = YES;
				CLANG_ENABLE_OBJC_ARC = YES;
				CLANG_WARN_BOOL_CONVERSION = YES;
				CLANG_WARN_CONSTANT_CONVERSION = YES;
				CLANG_WARN_DIRECT_OBJC_ISA_USAGE = YES_ERROR;
				CLANG_WARN_EMPTY_BODY = YES;
				CLANG_WARN_ENUM_CONVERSION = YES;
				CLANG_WARN_INT_CONVERSION = YES;
				CLANG_WARN_OBJC_ROOT_CLASS = YES_ERROR;
				CLANG_WARN_UNREACHABLE_CODE = YES;
				CLANG_WARN__DUPLICATE_METHOD_MATCH = YES;
				COPY_PHASE_STRIP = NO;
				DEBUG_INFORMATION_FORMAT = dwarf;
				ENABLE_STRICT_OBJC_MSGSEND = YES;
				GCC_C_LANGUAGE_STANDARD = gnu99;
				GCC_DYNAMIC_NO_PIC = NO;
				GCC_NO_COMMON_BLOCKS = YES;
				GCC_OPTIMIZATION_LEVEL = 0;
				GCC_PREPROCESSOR_DEFINITIONS = (
					"DEBUG=1",
					"$(inherited)",
				);
				GCC_SYMBOLS_PRIVATE_EXTERN = NO;
				GCC_WARN_64_TO_32_BIT_CONVERSION = YES;
				GCC_WARN_ABOUT_RETURN_TYPE = YES_ERROR;
				GCC_WARN_UNDECLARED_SELECTOR = YES;
				GCC_WARN_UNINITIALIZED_AUTOS = YES_AGGRESSIVE;
				GCC_WARN_UNUSED_FUNCTION = YES;
				GCC_WARN_UNUSED_VARIABLE = YES;
				MACOSX_DEPLOYMENT_TARGET = 10.10;
				MTL_ENABLE_DEBUG_INFO = YES;
				ONLY_ACTIVE_ARCH = YES;
				SDKROOT = macosx;
			};
			name = Debug;
		};
		915690381AF9BCA5003E3C4C /* Release */ = {
			isa = XCBuildConfiguration;
			buildSettings = {
				ALWAYS_SEARCH_USER_PATHS = NO;
				CLANG_CXX_LANGUAGE_STANDARD = "gnu++0x";
				CLANG_CXX_LIBRARY = "libc++";
				CLANG_ENABLE_MODULES = YES;
				CLANG_ENABLE_OBJC_ARC = YES;
				CLANG_WARN_BOOL_CONVERSION = YES;
				CLANG_WARN_CONSTANT_CONVERSION = YES;
				CLANG_WARN_DIRECT_OBJC_ISA_USAGE = YES_ERROR;
				CLANG_WARN_EMPTY_BODY = YES;
				CLANG_WARN_ENUM_CONVERSION = YES;
				CLANG_WARN_INT_CONVERSION = YES;
				CLANG_WARN_OBJC_ROOT_CLASS = YES_ERROR;
				CLANG_WARN_UNREACHABLE_CODE = YES;
				CLANG_WARN__DUPLICATE_METHOD_MATCH = YES;
				COPY_PHASE_STRIP = NO;
				DEBUG_INFORMATION_FORMAT = "dwarf-with-dsym";
				ENABLE_NS_ASSERTIONS = NO;
				ENABLE_STRICT_OBJC_MSGSEND = YES;
				GCC_C_LANGUAGE_STANDARD = gnu99;
				GCC_NO_COMMON_BLOCKS = YES;
				GCC_WARN_64_TO_32_BIT_CONVERSION = YES;
				GCC_WARN_ABOUT_RETURN_TYPE = YES_ERROR;
				GCC_WARN_UNDECLARED_SELECTOR = YES;
				GCC_WARN_UNINITIALIZED_AUTOS = YES_AGGRESSIVE;
				GCC_WARN_UNUSED_FUNCTION = YES;
				GCC_WARN_UNUSED_VARIABLE = YES;
				MACOSX_DEPLOYMENT_TARGET = 10.10;
				MTL_ENABLE_DEBUG_INFO = NO;
				SDKROOT = macosx;
			};
			name = Release;
		};
		915690601AFA643B003E3C4C /* Debug */ = {
			isa = XCBuildConfiguration;
			buildSettings = {
				COMBINE_HIDPI_IMAGES = YES;
				GCC_PREPROCESSOR_DEFINITIONS = (
					"DEBUG=1",
					"$(inherited)",
				);
				INFOPLIST_FILE = chain.test/Info.plist;
				INSTALL_PATH = "$(LOCAL_LIBRARY_DIR)/Bundles";
				PRODUCT_NAME = "$(TARGET_NAME)";
				SKIP_INSTALL = YES;
				WRAPPER_EXTENSION = mxo;
			};
			name = Debug;
		};
		915690611AFA643B003E3C4C /* Release */ = {
			isa = XCBuildConfiguration;
			buildSettings = {
				COMBINE_HIDPI_IMAGES = YES;
				INFOPLIST_FILE = chain.test/Info.plist;
				INSTALL_PATH = "$(LOCAL_LIBRARY_DIR)/Bundles";
				PRODUCT_NAME = "$(TARGET_NAME)";
				SKIP_INSTALL = YES;
				WRAPPER_EXTENSION = mxo;
			};
			name = Release;
		};
/* End XCBuildConfiguration section */

/* Begin XCConfigurationList section */
		9156902D1AF9BCA5003E3C4C /* Build configuration list for PBXProject "maxchain" */ = {
			isa = XCConfigurationList;
			buildConfigurations = (
				915690371AF9BCA5003E3C4C /* Debug */,
				915690381AF9BCA5003E3C4C /* Release */,
			);
			defaultConfigurationIsVisible = 0;
			defaultConfigurationName = Release;
		};
		9156905F1AFA643B003E3C4C /* Build configuration list for PBXNativeTarget "chain.test" */ = {
			isa = XCConfigurationList;
			buildConfigurations = (
				915690601AFA643B003E3C4C /* Debug */,
				915690611AFA643B003E3C4C /* Release */,
			);
			defaultConfigurationIsVisible = 0;
		};
/* End XCConfigurationList section */
	};
	rootObject = 9156902A1AF9BCA5003E3C4C /* Project object */;
}
